{
  "name": "analytics",
  "version": "0.0.0",
  "lockfileVersion": 2,
  "requires": true,
  "packages": {
    "": {
      "name": "analytics",
      "version": "0.0.0",
      "license": "MIT",
      "dependencies": {
        "d3-react": "^1.0.4",
        "react-faux-dom": "^4.5.0"
      },
      "engines": {
        "node": ">=12.x.x <=16.x.x",
        "npm": ">=6.0.0"
      }
    },
    "node_modules/create-react-class": {
      "version": "15.7.0",
      "resolved": "https://registry.npmjs.org/create-react-class/-/create-react-class-15.7.0.tgz",
      "integrity": "sha512-QZv4sFWG9S5RUvkTYWbflxeZX+JG7Cz0Tn33rQBJ+WFQTqTfUTjMjiv9tnfXazjsO5r0KhPs+AqCjyrQX6h2ng==",
      "dependencies": {
        "loose-envify": "^1.3.1",
        "object-assign": "^4.1.1"
      }
    },
    "node_modules/d3-react": {
      "version": "1.0.4",
      "resolved": "https://registry.npmjs.org/d3-react/-/d3-react-1.0.4.tgz",
      "integrity": "sha512-nLgQru+hL/Hl3UUQmFEdervHGkZLepilkc8WaqZ3zoOk0cLCFlQtlre6VkO07wQDmJ1FD3xTy/WMhPE/BbAZqg=="
    },
    "node_modules/hoist-non-react-statics": {
      "version": "3.3.2",
      "resolved": "https://registry.npmjs.org/hoist-non-react-statics/-/hoist-non-react-statics-3.3.2.tgz",
      "integrity": "sha512-/gGivxi8JPKWNm/W0jSmzcMPpfpPLc3dY/6GxhX2hQ9iGj3aDfklV4ET7NjKpSinLpJ5vafa9iiGIEZg10SfBw==",
      "dependencies": {
        "react-is": "^16.7.0"
      }
    },
    "node_modules/js-tokens": {
      "version": "4.0.0",
      "resolved": "https://registry.npmjs.org/js-tokens/-/js-tokens-4.0.0.tgz",
      "integrity": "sha512-RdJUflcE3cUzKiMqQgsCu06FPu9UdIJO0beYbPhHN4k6apgJtifcoCtT9bcxOpYBtpD2kCM6Sbzg4CausW/PKQ=="
    },
    "node_modules/loose-envify": {
      "version": "1.4.0",
      "resolved": "https://registry.npmjs.org/loose-envify/-/loose-envify-1.4.0.tgz",
      "integrity": "sha512-lyuxPGr/Wfhrlem2CL/UcnUc1zcqKAImBDzukY7Y5F/yQiNdko6+fRLevlw1HgMySw7f611UIY408EtxRSoK3Q==",
      "dependencies": {
        "js-tokens": "^3.0.0 || ^4.0.0"
      },
      "bin": {
        "loose-envify": "cli.js"
      }
    },
    "node_modules/object-assign": {
      "version": "4.1.1",
      "resolved": "https://registry.npmjs.org/object-assign/-/object-assign-4.1.1.tgz",
      "integrity": "sha1-IQmtx5ZYh8/AXLvUQsrIv7s2CGM=",
      "engines": {
        "node": ">=0.10.0"
      }
    },
    "node_modules/query-selector": {
      "version": "1.0.9",
      "resolved": "https://registry.npmjs.org/query-selector/-/query-selector-1.0.9.tgz",
      "integrity": "sha1-kX/TG3N5tT/UQeU2r2R1UuAefp4=",
      "engines": {
        "node": ">=0.10"
      }
    },
    "node_modules/react-faux-dom": {
      "version": "4.5.0",
      "resolved": "https://registry.npmjs.org/react-faux-dom/-/react-faux-dom-4.5.0.tgz",
      "integrity": "sha512-T03fyZw/He4EYPqQpK5KJ9BQXNNMMgUo5DiwWkFG5wlpMDuiiYc4Q8WfeODjl3g2S2OBqy3+0VUr44sZkqz2Sw==",
      "dependencies": {
        "create-react-class": "^15.6.3",
        "hoist-non-react-statics": "^3.3.0",
        "query-selector": "^1.0.9",
        "style-attr": "^1.0.1"
      },
      "peerDependencies": {
        "react": "*"
      }
    },
    "node_modules/react-is": {
      "version": "16.13.1",
      "resolved": "https://registry.npmjs.org/react-is/-/react-is-16.13.1.tgz",
      "integrity": "sha512-24e6ynE2H+OKt4kqsOvNd8kBpV65zoxbA4BVsEOB3ARVWQki/DHzaUoC5KuON/BiccDaCCTZBuOcfZs70kR8bQ=="
    },
    "node_modules/style-attr": {
      "version": "1.3.0",
      "resolved": "https://registry.npmjs.org/style-attr/-/style-attr-1.3.0.tgz",
      "integrity": "sha512-srFr54gzEZoy73WgYfnbxCAtNCzF0Hn5RGzK7gi/0G6ttZd9v3WZFGY4ed5ABr43dbGjPNr4T46geUxxUP9i6w=="
    }
  },
  "dependencies": {
    "create-react-class": {
      "version": "15.7.0",
      "resolved": "https://registry.npmjs.org/create-react-class/-/create-react-class-15.7.0.tgz",
      "integrity": "sha512-QZv4sFWG9S5RUvkTYWbflxeZX+JG7Cz0Tn33rQBJ+WFQTqTfUTjMjiv9tnfXazjsO5r0KhPs+AqCjyrQX6h2ng==",
      "requires": {
        "loose-envify": "^1.3.1",
        "object-assign": "^4.1.1"
      }
    },
    "d3-react": {
      "version": "1.0.4",
      "resolved": "https://registry.npmjs.org/d3-react/-/d3-react-1.0.4.tgz",
      "integrity": "sha512-nLgQru+hL/Hl3UUQmFEdervHGkZLepilkc8WaqZ3zoOk0cLCFlQtlre6VkO07wQDmJ1FD3xTy/WMhPE/BbAZqg=="
    },
    "hoist-non-react-statics": {
      "version": "3.3.2",
      "resolved": "https://registry.npmjs.org/hoist-non-react-statics/-/hoist-non-react-statics-3.3.2.tgz",
      "integrity": "sha512-/gGivxi8JPKWNm/W0jSmzcMPpfpPLc3dY/6GxhX2hQ9iGj3aDfklV4ET7NjKpSinLpJ5vafa9iiGIEZg10SfBw==",
      "requires": {
        "react-is": "^16.7.0"
      }
    },
    "js-tokens": {
      "version": "4.0.0",
      "resolved": "https://registry.npmjs.org/js-tokens/-/js-tokens-4.0.0.tgz",
      "integrity": "sha512-RdJUflcE3cUzKiMqQgsCu06FPu9UdIJO0beYbPhHN4k6apgJtifcoCtT9bcxOpYBtpD2kCM6Sbzg4CausW/PKQ=="
    },
    "loose-envify": {
      "version": "1.4.0",
      "resolved": "https://registry.npmjs.org/loose-envify/-/loose-envify-1.4.0.tgz",
      "integrity": "sha512-lyuxPGr/Wfhrlem2CL/UcnUc1zcqKAImBDzukY7Y5F/yQiNdko6+fRLevlw1HgMySw7f611UIY408EtxRSoK3Q==",
      "requires": {
        "js-tokens": "^3.0.0 || ^4.0.0"
      }
    },
    "object-assign": {
      "version": "4.1.1",
      "resolved": "https://registry.npmjs.org/object-assign/-/object-assign-4.1.1.tgz",
      "integrity": "sha1-IQmtx5ZYh8/AXLvUQsrIv7s2CGM="
    },
    "query-selector": {
      "version": "1.0.9",
      "resolved": "https://registry.npmjs.org/query-selector/-/query-selector-1.0.9.tgz",
      "integrity": "sha1-kX/TG3N5tT/UQeU2r2R1UuAefp4="
    },
    "react-faux-dom": {
      "version": "4.5.0",
      "resolved": "https://registry.npmjs.org/react-faux-dom/-/react-faux-dom-4.5.0.tgz",
      "integrity": "sha512-T03fyZw/He4EYPqQpK5KJ9BQXNNMMgUo5DiwWkFG5wlpMDuiiYc4Q8WfeODjl3g2S2OBqy3+0VUr44sZkqz2Sw==",
      "requires": {
        "create-react-class": "^15.6.3",
        "hoist-non-react-statics": "^3.3.0",
        "query-selector": "^1.0.9",
        "style-attr": "^1.0.1"
      }
    },
    "react-is": {
      "version": "16.13.1",
      "resolved": "https://registry.npmjs.org/react-is/-/react-is-16.13.1.tgz",
      "integrity": "sha512-24e6ynE2H+OKt4kqsOvNd8kBpV65zoxbA4BVsEOB3ARVWQki/DHzaUoC5KuON/BiccDaCCTZBuOcfZs70kR8bQ=="
    },
    "style-attr": {
      "version": "1.3.0",
      "resolved": "https://registry.npmjs.org/style-attr/-/style-attr-1.3.0.tgz",
      "integrity": "sha512-srFr54gzEZoy73WgYfnbxCAtNCzF0Hn5RGzK7gi/0G6ttZd9v3WZFGY4ed5ABr43dbGjPNr4T46geUxxUP9i6w=="
    }
  }
}
